
Microsoft Visual Studio Solution File, Format Version 12.00
# Visual Studio 15
Project("{FAE04EC0-301F-11D3-BF4B-00C04F79EFBC}") = "UnityEditor.UI", "UnityEditor.UI.csproj", "{1C365696-BB5C-1EF8-D9F1-A3761298C2FD}"
EndProject
Project("{FAE04EC0-301F-11D3-BF4B-00C04F79EFBC}") = "UnityEngine.UI", "UnityEngine.UI.csproj", "{9D387035-E325-AED2-1D75-044325E7BF75}"
EndProject
Project("{FAE04EC0-301F-11D3-BF4B-00C04F79EFBC}") = "Assembly-CSharp", "Assembly-CSharp.csproj", "{C6949B49-249A-BF2D-D44B-8445CD8C1D32}"
EndProject
Global
	GlobalSection(SolutionConfigurationPlatforms) = preSolution
		Debug|Any CPU = Debug|Any CPU
		Release|Any CPU = Release|Any CPU
	EndGlobalSection
	GlobalSection(ProjectConfigurationPlatforms) = postSolution
		{1C365696-BB5C-1EF8-D9F1-A3761298C2FD}.Debug|Any CPU.ActiveCfg = Debug|Any CPU
		{1C365696-BB5C-1EF8-D9F1-A3761298C2FD}.Debug|Any CPU.Build.0 = Debug|Any CPU
		{1C365696-BB5C-1EF8-D9F1-A3761298C2FD}.Release|Any CPU.ActiveCfg = Release|Any CPU
		{1C365696-BB5C-1EF8-D9F1-A3761298C2FD}.Release|Any CPU.Build.0 = Release|Any CPU
		{9D387035-E325-AED2-1D75-044325E7BF75}.Debug|Any CPU.ActiveCfg = Debug|Any CPU
		{9D387035-E325-AED2-1D75-044325E7BF75}.Debug|Any CPU.Build.0 = Debug|Any CPU
		{9D387035-E325-AED2-1D75-044325E7BF75}.Release|Any CPU.ActiveCfg = Release|Any CPU
		{9D387035-E325-AED2-1D75-044325E7BF75}.Release|Any CPU.Build.0 = Release|Any CPU
		{C6949B49-249A-BF2D-D44B-8445CD8C1D32}.Debug|Any CPU.ActiveCfg = Debug|Any CPU
		{C6949B49-249A-BF2D-D44B-8445CD8C1D32}.Debug|Any CPU.Build.0 = Debug|Any CPU
		{C6949B49-249A-BF2D-D44B-8445CD8C1D32}.Release|Any CPU.ActiveCfg = Release|Any CPU
		{C6949B49-249A-BF2D-D44B-8445CD8C1D32}.Release|Any CPU.Build.0 = Release|Any CPU
	EndGlobalSection
	GlobalSection(SolutionProperties) = preSolution
		HideSolutionNode = FALSE
	EndGlobalSection
EndGlobal
